
Microsoft Visual Studio Solution File, Format Version 12.00
# Visual Studio Version 17
VisualStudioVersion = 17.6.33815.320
MinimumVisualStudioVersion = 10.0.40219.1
Project("{FAE04EC0-301F-11D3-BF4B-00C04F79EFBC}") = "TodoApi", "TodoApi.csproj", "{77E0749F-2C79-45CA-AAE0-644004493D9D}"
EndProject
Global
	GlobalSection(SolutionConfigurationPlatforms) = preSolution
		Debug|Any CPU = Debug|Any CPU
		Release|Any CPU = Release|Any CPU
	EndGlobalSection
	GlobalSection(ProjectConfigurationPlatforms) = postSolution
		{77E0749F-2C79-45CA-AAE0-644004493D9D}.Debug|Any CPU.ActiveCfg = Debug|Any CPU
		{77E0749F-2C79-45CA-AAE0-644004493D9D}.Debug|Any CPU.Build.0 = Debug|Any CPU
		{77E0749F-2C79-45CA-AAE0-644004493D9D}.Release|Any CPU.ActiveCfg = Release|Any CPU
		{77E0749F-2C79-45CA-AAE0-644004493D9D}.Release|Any CPU.Build.0 = Release|Any CPU
	EndGlobalSection
	GlobalSection(SolutionProperties) = preSolution
		HideSolutionNode = FALSE
	EndGlobalSection
	GlobalSection(ExtensibilityGlobals) = postSolution
		SolutionGuid = {BEFED7F0-7D05-4967-A106-D64227B93FDE}
	EndGlobalSection
EndGlobal
